
Microsoft Visual Studio Solution File, Format Version 12.00
# Visual Studio 2013
VisualStudioVersion = 12.0.30324.0
MinimumVisualStudioVersion = 10.0.40219.1
Project("{FAE04EC0-301F-11D3-BF4B-00C04F79EFBC}") = "SHGolfStore.Domain", "SHGolfStore.Domain\SHGolfStore.Domain.csproj", "{C05C6671-521A-4101-B47F-F9C1C62FF2DF}"
EndProject
Project("{FAE04EC0-301F-11D3-BF4B-00C04F79EFBC}") = "SHGolfStore.WebUI", "SHGolfStore.WebUI\SHGolfStore.WebUI.csproj", "{E28577C6-A9C9-437F-8D21-09F19D38038C}"
EndProject
Global
	GlobalSection(SolutionConfigurationPlatforms) = preSolution
		Debug|Any CPU = Debug|Any CPU
		Release|Any CPU = Release|Any CPU
	EndGlobalSection
	GlobalSection(ProjectConfigurationPlatforms) = postSolution
		{C05C6671-521A-4101-B47F-F9C1C62FF2DF}.Debug|Any CPU.ActiveCfg = Debug|Any CPU
		{C05C6671-521A-4101-B47F-F9C1C62FF2DF}.Debug|Any CPU.Build.0 = Debug|Any CPU
		{C05C6671-521A-4101-B47F-F9C1C62FF2DF}.Release|Any CPU.ActiveCfg = Release|Any CPU
		{C05C6671-521A-4101-B47F-F9C1C62FF2DF}.Release|Any CPU.Build.0 = Release|Any CPU
		{E28577C6-A9C9-437F-8D21-09F19D38038C}.Debug|Any CPU.ActiveCfg = Debug|Any CPU
		{E28577C6-A9C9-437F-8D21-09F19D38038C}.Debug|Any CPU.Build.0 = Debug|Any CPU
		{E28577C6-A9C9-437F-8D21-09F19D38038C}.Release|Any CPU.ActiveCfg = Release|Any CPU
		{E28577C6-A9C9-437F-8D21-09F19D38038C}.Release|Any CPU.Build.0 = Release|Any CPU
	EndGlobalSection
	GlobalSection(SolutionProperties) = preSolution
		HideSolutionNode = FALSE
	EndGlobalSection
EndGlobal
